github.com/sukunrt/bigint v0.0.0-20230226083106-d5bc2d29fa40 h1:HPKyd8xKCyAAn6NMdt4xOJXmCfKyulkpmM2Te/i1AXg=
github.com/sukunrt/bigint v0.0.0-20230226083106-d5bc2d29fa40/go.mod h1:DwQvDPL100aMD/iZQ+uDe6q6PZ4+8DKZ+UKqNzNgciA=
github.com/sukunrt/bigint v0.0.0-20230226132905-241b3c6ca684 h1:LdpdfCA5zuXijBiJtA65JmvK1Y/L2R6l6vvJocT7EVU=
github.com/sukunrt/bigint v0.0.0-20230226132905-241b3c6ca684/go.mod h1:DwQvDPL100aMD/iZQ+uDe6q6PZ4+8DKZ+UKqNzNgciA=
