github.com/sukunrt/bigint v0.0.0-20230226132905-241b3c6ca684 h1:LdpdfCA5zuXijBiJtA65JmvK1Y/L2R6l6vvJocT7EVU=
github.com/sukunrt/bigint v0.0.0-20230226132905-241b3c6ca684/go.mod h1:DwQvDPL100aMD/iZQ+uDe6q6PZ4+8DKZ+UKqNzNgciA=
github.com/sukunrt/bigint v0.0.0-20230723133015-74ec22e1d33f h1:88CrvEJ0Xer/bQul4x176sLzich/JDnELhuc9IAgLe4=
github.com/sukunrt/bigint v0.0.0-20230723133015-74ec22e1d33f/go.mod h1:DwQvDPL100aMD/iZQ+uDe6q6PZ4+8DKZ+UKqNzNgciA=
golang.org/x/crypto v0.7.0 h1:AvwMYaRytfdeVt3u6mLaxYtErKYjxA2OXjJ1HHq6t3A=
golang.org/x/crypto v0.7.0/go.mod h1:pYwdfH91IfpZVANVyUOhSIPZaFoJGxTFbZhFTx+dXZU=
